
Microsoft Visual Studio Solution File, Format Version 12.00
# Visual Studio Version 16
VisualStudioVersion = 16.0.31702.278
MinimumVisualStudioVersion = 10.0.40219.1
Project("{9A19103F-16F7-4668-BE54-9A1E7A4F7556}") = "CabInvoiceGenerator", "CabInvoiceGenerator.csproj", "{0F2A0213-CEC5-4CB5-B8B7-250812E31C5E}"
EndProject
Project("{FAE04EC0-301F-11D3-BF4B-00C04F79EFBC}") = "CabInvoiceGeneratorTest", "..\CabInvoiceGeneratorTest\CabInvoiceGeneratorTest.csproj", "{972EAE8F-982D-42EB-93EB-5739CC9C5102}"
EndProject
Global
	GlobalSection(SolutionConfigurationPlatforms) = preSolution
		Debug|Any CPU = Debug|Any CPU
		Release|Any CPU = Release|Any CPU
	EndGlobalSection
	GlobalSection(ProjectConfigurationPlatforms) = postSolution
		{0F2A0213-CEC5-4CB5-B8B7-250812E31C5E}.Debug|Any CPU.ActiveCfg = Debug|Any CPU
		{0F2A0213-CEC5-4CB5-B8B7-250812E31C5E}.Debug|Any CPU.Build.0 = Debug|Any CPU
		{0F2A0213-CEC5-4CB5-B8B7-250812E31C5E}.Release|Any CPU.ActiveCfg = Release|Any CPU
		{0F2A0213-CEC5-4CB5-B8B7-250812E31C5E}.Release|Any CPU.Build.0 = Release|Any CPU
		{972EAE8F-982D-42EB-93EB-5739CC9C5102}.Debug|Any CPU.ActiveCfg = Debug|Any CPU
		{972EAE8F-982D-42EB-93EB-5739CC9C5102}.Debug|Any CPU.Build.0 = Debug|Any CPU
		{972EAE8F-982D-42EB-93EB-5739CC9C5102}.Release|Any CPU.ActiveCfg = Release|Any CPU
		{972EAE8F-982D-42EB-93EB-5739CC9C5102}.Release|Any CPU.Build.0 = Release|Any CPU
	EndGlobalSection
	GlobalSection(SolutionProperties) = preSolution
		HideSolutionNode = FALSE
	EndGlobalSection
	GlobalSection(ExtensibilityGlobals) = postSolution
		SolutionGuid = {90036849-1827-4500-B592-F7B0BEBF922A}
	EndGlobalSection
EndGlobal
